
Microsoft Visual Studio Solution File, Format Version 12.00
# Visual Studio Version 17
VisualStudioVersion = 17.2.32630.192
MinimumVisualStudioVersion = 10.0.40219.1
Project("{FAE04EC0-301F-11D3-BF4B-00C04F79EFBC}") = "JWT.Authentication.Client", "JWT.Authentication.Client\JWT.Authentication.Client.csproj", "{B579CAB8-AAC7-4B3D-B526-CF3C01322086}"
EndProject
Global
	GlobalSection(SolutionConfigurationPlatforms) = preSolution
		Debug|Any CPU = Debug|Any CPU
		Release|Any CPU = Release|Any CPU
	EndGlobalSection
	GlobalSection(ProjectConfigurationPlatforms) = postSolution
		{B579CAB8-AAC7-4B3D-B526-CF3C01322086}.Debug|Any CPU.ActiveCfg = Debug|Any CPU
		{B579CAB8-AAC7-4B3D-B526-CF3C01322086}.Debug|Any CPU.Build.0 = Debug|Any CPU
		{B579CAB8-AAC7-4B3D-B526-CF3C01322086}.Release|Any CPU.ActiveCfg = Release|Any CPU
		{B579CAB8-AAC7-4B3D-B526-CF3C01322086}.Release|Any CPU.Build.0 = Release|Any CPU
	EndGlobalSection
	GlobalSection(SolutionProperties) = preSolution
		HideSolutionNode = FALSE
	EndGlobalSection
	GlobalSection(ExtensibilityGlobals) = postSolution
		SolutionGuid = {D478D65F-B8E5-4CFB-B2B9-493DF29A1574}
	EndGlobalSection
EndGlobal
