
Microsoft Visual Studio Solution File, Format Version 12.00
# Visual Studio Version 17
VisualStudioVersion = 17.2.32505.173
MinimumVisualStudioVersion = 10.0.40219.1
Project("{FAE04EC0-301F-11D3-BF4B-00C04F79EFBC}") = "CALCULATOR", "CALCULATOR\CALCULATOR.csproj", "{69E0AB89-617E-4E4A-9FFD-C703C3188650}"
EndProject
Project("{FAE04EC0-301F-11D3-BF4B-00C04F79EFBC}") = "functions", "functions\functions.csproj", "{91EB24C8-98B4-4253-BF28-93145B3B6BA0}"
EndProject
Global
	GlobalSection(SolutionConfigurationPlatforms) = preSolution
		Debug|Any CPU = Debug|Any CPU
		Release|Any CPU = Release|Any CPU
	EndGlobalSection
	GlobalSection(ProjectConfigurationPlatforms) = postSolution
		{69E0AB89-617E-4E4A-9FFD-C703C3188650}.Debug|Any CPU.ActiveCfg = Debug|Any CPU
		{69E0AB89-617E-4E4A-9FFD-C703C3188650}.Debug|Any CPU.Build.0 = Debug|Any CPU
		{69E0AB89-617E-4E4A-9FFD-C703C3188650}.Release|Any CPU.ActiveCfg = Release|Any CPU
		{69E0AB89-617E-4E4A-9FFD-C703C3188650}.Release|Any CPU.Build.0 = Release|Any CPU
		{91EB24C8-98B4-4253-BF28-93145B3B6BA0}.Debug|Any CPU.ActiveCfg = Debug|Any CPU
		{91EB24C8-98B4-4253-BF28-93145B3B6BA0}.Debug|Any CPU.Build.0 = Debug|Any CPU
		{91EB24C8-98B4-4253-BF28-93145B3B6BA0}.Release|Any CPU.ActiveCfg = Release|Any CPU
		{91EB24C8-98B4-4253-BF28-93145B3B6BA0}.Release|Any CPU.Build.0 = Release|Any CPU
	EndGlobalSection
	GlobalSection(SolutionProperties) = preSolution
		HideSolutionNode = FALSE
	EndGlobalSection
	GlobalSection(ExtensibilityGlobals) = postSolution
		SolutionGuid = {4C38D1D8-6A9A-47AA-8B42-28E96A525B87}
	EndGlobalSection
EndGlobal
